{
  "name": "node-usb-example-electron",
  "version": "1.0.0",
  "lockfileVersion": 3,
  "requires": true,
  "packages": {
    "": {
      "name": "node-usb-example-electron",
      "version": "1.0.0",
      "license": "MIT",
      "dependencies": {
        "usb": "^3.0.1"
      },
      "devDependencies": {
        "electron": "^43.0.0"
      }
    },
    "node_modules/@electron-internal/extract-zip": {
      "version": "1.0.4",
      "resolved": "https://registry.npmjs.org/@electron-internal/extract-zip/-/extract-zip-1.0.4.tgz",
      "integrity": "sha512-Zr1Vs7E9tpCNhZHDAbFVXc2gEVCG9RqPDjrno5+bdgB6LRAuvgyMHJut4NCVyYwtAieapMzc3fiQ3CSTi75ARg==",
      "dev": true,
      "license": "BSD-2-Clause",
      "engines": {
        "node": ">=22.12.0"
      }
    },
    "node_modules/@electron/get": {
      "version": "5.0.0",
      "resolved": "https://registry.npmjs.org/@electron/get/-/get-5.0.0.tgz",
      "integrity": "sha512-pjoBpru1KdEtcExBnuHAP1cAc/5faoedw0hzJkL3o4/IJp7HNF1+fbrdxT3gMYRX2oJfvnA/WXeCTVQpYYxyJA==",
      "dev": true,
      "license": "MIT",
      "dependencies": {
        "debug": "^4.1.1",
        "env-paths": "^3.0.0",
        "graceful-fs": "^4.2.11",
        "progress": "^2.0.3",
        "semver": "^7.6.3",
        "sumchecker": "^3.0.1"
      },
      "engines": {
        "node": ">=22.12.0"
      },
      "optionalDependencies": {
        "undici": "^7.24.4"
      }
    },
    "node_modules/@node-usb/usb-darwin-arm64": {
      "version": "3.0.1",
      "resolved": "https://registry.npmjs.org/@node-usb/usb-darwin-arm64/-/usb-darwin-arm64-3.0.1.tgz",
      "integrity": "sha512-GB+MGKaXvEtaDOWng7nCPxWvnXWhZtbFL0FW9ncDmGYtFl3OW+xfLZGhd5Y9VKG6GXXIYS3x1FsBI+zkcxVMhA==",
      "cpu": [
        "arm64"
      ],
      "license": "MIT",
      "optional": true,
      "os": [
        "darwin"
      ],
      "engines": {
        "node": ">= 12.22.0 < 13 || >= 14.17.0 < 15 || >= 15.12.0 < 16 || >= 16.0.0"
      }
    },
    "node_modules/@node-usb/usb-darwin-x64": {
      "version": "3.0.1",
      "resolved": "https://registry.npmjs.org/@node-usb/usb-darwin-x64/-/usb-darwin-x64-3.0.1.tgz",
      "integrity": "sha512-oTY8vLoigjYFwNft1nZNNje0zAXjSQy9u3swe+pcCfZp6qQbEoSLegLEBr94arEgQloQabaq4VA2JZVA8cUQqQ==",
      "cpu": [
        "x64"
      ],
      "license": "MIT",
      "optional": true,
      "os": [
        "darwin"
      ],
      "engines": {
        "node": ">= 12.22.0 < 13 || >= 14.17.0 < 15 || >= 15.12.0 < 16 || >= 16.0.0"
      }
    },
    "node_modules/@node-usb/usb-linux-arm-gnueabihf": {
      "version": "3.0.1",
      "resolved": "https://registry.npmjs.org/@node-usb/usb-linux-arm-gnueabihf/-/usb-linux-arm-gnueabihf-3.0.1.tgz",
      "integrity": "sha512-GN5dTxc/FhjmC9NP7Xx1esGAhpIhnNvAf02kk/0i7Cz0w1VaJ/I0XbIVAYIJ5zhDg/oSYkhdILHbOS9+mlWCRQ==",
      "cpu": [
        "arm"
      ],
      "license": "MIT",
      "optional": true,
      "os": [
        "linux"
      ],
      "engines": {
        "node": ">= 12.22.0 < 13 || >= 14.17.0 < 15 || >= 15.12.0 < 16 || >= 16.0.0"
      }
    },
    "node_modules/@node-usb/usb-linux-arm64-gnu": {
      "version": "3.0.1",
      "resolved": "https://registry.npmjs.org/@node-usb/usb-linux-arm64-gnu/-/usb-linux-arm64-gnu-3.0.1.tgz",
      "integrity": "sha512-7cL85qb/yrBXvssZwL3k62duBxT/LaCY/Vcfv/Du9MLFdHhqU0zdYX5fLch/zaW5euYXQE0gmCoTfimfAjlxGQ==",
      "cpu": [
        "arm64"
      ],
      "license": "MIT",
      "optional": true,
      "os": [
        "linux"
      ],
      "engines": {
        "node": ">= 12.22.0 < 13 || >= 14.17.0 < 15 || >= 15.12.0 < 16 || >= 16.0.0"
      }
    },
    "node_modules/@node-usb/usb-linux-arm64-musl": {
      "version": "3.0.1",
      "resolved": "https://registry.npmjs.org/@node-usb/usb-linux-arm64-musl/-/usb-linux-arm64-musl-3.0.1.tgz",
      "integrity": "sha512-EweA4HeTwzLiRHsU2DRFflJ3vx0shB5Z9Lt5/P/bkoUtSNt8uGjFCmsCjqoO068ul9oejsBMJg22rNLD3+iFqQ==",
      "cpu": [
        "arm64"
      ],
      "license": "MIT",
      "optional": true,
      "os": [
        "linux"
      ],
      "engines": {
        "node": ">= 12.22.0 < 13 || >= 14.17.0 < 15 || >= 15.12.0 < 16 || >= 16.0.0"
      }
    },
    "node_modules/@node-usb/usb-linux-x64-gnu": {
      "version": "3.0.1",
      "resolved": "https://registry.npmjs.org/@node-usb/usb-linux-x64-gnu/-/usb-linux-x64-gnu-3.0.1.tgz",
      "integrity": "sha512-cEE7GyMhtfq5OM/MXZn3RmYBqPvId0CMuoBx7biazPvlnf0iEWYjpma0WvVMWad/f1QIcC45WgrazHaVv6gAPw==",
      "cpu": [
        "x64"
      ],
      "license": "MIT",
      "optional": true,
      "os": [
        "linux"
      ],
      "engines": {
        "node": ">= 12.22.0 < 13 || >= 14.17.0 < 15 || >= 15.12.0 < 16 || >= 16.0.0"
      }
    },
    "node_modules/@node-usb/usb-linux-x64-musl": {
      "version": "3.0.1",
      "resolved": "https://registry.npmjs.org/@node-usb/usb-linux-x64-musl/-/usb-linux-x64-musl-3.0.1.tgz",
      "integrity": "sha512-zGWlk1mzElTPO4wxlRcd1C7xd7xDxzgpOXbQfE+NbClOUJ71NkbnahWN2ef2LcJvFESYg/CV9Dv/ULKSpJWEEw==",
      "cpu": [
        "x64"
      ],
      "license": "MIT",
      "optional": true,
      "os": [
        "linux"
      ],
      "engines": {
        "node": ">= 12.22.0 < 13 || >= 14.17.0 < 15 || >= 15.12.0 < 16 || >= 16.0.0"
      }
    },
    "node_modules/@node-usb/usb-win32-arm64-msvc": {
      "version": "3.0.1",
      "resolved": "https://registry.npmjs.org/@node-usb/usb-win32-arm64-msvc/-/usb-win32-arm64-msvc-3.0.1.tgz",
      "integrity": "sha512-ayXNeb+KvdkZLXzTWyttNONUPG8/x9PwuP+GvUeiYCQuyLMqmbGeMsO7IiuBWTnxLFtCdep+UBpcL8XMcYdTiA==",
      "cpu": [
        "arm64"
      ],
      "license": "MIT",
      "optional": true,
      "os": [
        "win32"
      ],
      "engines": {
        "node": ">= 12.22.0 < 13 || >= 14.17.0 < 15 || >= 15.12.0 < 16 || >= 16.0.0"
      }
    },
    "node_modules/@node-usb/usb-win32-ia32-msvc": {
      "version": "3.0.1",
      "resolved": "https://registry.npmjs.org/@node-usb/usb-win32-ia32-msvc/-/usb-win32-ia32-msvc-3.0.1.tgz",
      "integrity": "sha512-U5281i6yY7gtoTwLom8nLF2o+ILI/g4OFpbAJBr4GbVPOTu+CSNF2Ea+dLEAG30148mp8v79NEsIiAbWXS/1aw==",
      "cpu": [
        "ia32"
      ],
      "license": "MIT",
      "optional": true,
      "os": [
        "win32"
      ],
      "engines": {
        "node": ">= 12.22.0 < 13 || >= 14.17.0 < 15 || >= 15.12.0 < 16 || >= 16.0.0"
      }
    },
    "node_modules/@node-usb/usb-win32-x64-msvc": {
      "version": "3.0.1",
      "resolved": "https://registry.npmjs.org/@node-usb/usb-win32-x64-msvc/-/usb-win32-x64-msvc-3.0.1.tgz",
      "integrity": "sha512-T1jzCBwgnA6E5otxJS/j44b//6fGzHSDmLQtNN1fX6JvdQIisgtbf2+iKD/YI7E247j6Yi9Ixt+MKjHt64hugA==",
      "cpu": [
        "x64"
      ],
      "license": "MIT",
      "optional": true,
      "os": [
        "win32"
      ],
      "engines": {
        "node": ">= 12.22.0 < 13 || >= 14.17.0 < 15 || >= 15.12.0 < 16 || >= 16.0.0"
      }
    },
    "node_modules/@types/node": {
      "version": "24.13.2",
      "resolved": "https://registry.npmjs.org/@types/node/-/node-24.13.2.tgz",
      "integrity": "sha512-fRa09kZTgu8o71KFcDjUFuc7F+dEbZYZmkI0mg5YBTRs0yMKjYHsq/c0urDKeDb+D5qVgXOdFcuu+DZPKOITwA==",
      "dev": true,
      "license": "MIT",
      "dependencies": {
        "undici-types": "~7.18.0"
      }
    },
    "node_modules/@types/w3c-web-usb": {
      "version": "1.0.14",
      "resolved": "https://registry.npmjs.org/@types/w3c-web-usb/-/w3c-web-usb-1.0.14.tgz",
      "integrity": "sha512-Qu3Nn6JFuF4+sHKYl+IcX9vYiI40ogleXzFFSxoE1W94rG98o/kXs8uJ0QSfFzuwBCZWlGfUGpPkgwuuX4PchA==",
      "license": "MIT"
    },
    "node_modules/debug": {
      "version": "4.4.3",
      "resolved": "https://registry.npmjs.org/debug/-/debug-4.4.3.tgz",
      "integrity": "sha512-RGwwWnwQvkVfavKVt22FGLw+xYSdzARwm0ru6DhTVA3umU5hZc28V3kO4stgYryrTlLpuvgI9GiijltAjNbcqA==",
      "dev": true,
      "license": "MIT",
      "dependencies": {
        "ms": "^2.1.3"
      },
      "engines": {
        "node": ">=6.0"
      },
      "peerDependenciesMeta": {
        "supports-color": {
          "optional": true
        }
      }
    },
    "node_modules/electron": {
      "version": "43.0.0",
      "resolved": "https://registry.npmjs.org/electron/-/electron-43.0.0.tgz",
      "integrity": "sha512-PV60GsWU6qufhuOhw3n+Yix3WPDcqDtBqE8orbEQGQGHEkgp9o/JCPgb7L4vIL0r1HnfPdqSRtboOTqbDkcFDQ==",
      "dev": true,
      "license": "MIT",
      "dependencies": {
        "@electron-internal/extract-zip": "^1.0.1",
        "@electron/get": "^5.0.0",
        "@types/node": "^24.9.0"
      },
      "bin": {
        "electron": "cli.js",
        "install-electron": "install.js"
      },
      "engines": {
        "node": ">= 22.12.0"
      }
    },
    "node_modules/env-paths": {
      "version": "3.0.0",
      "resolved": "https://registry.npmjs.org/env-paths/-/env-paths-3.0.0.tgz",
      "integrity": "sha512-dtJUTepzMW3Lm/NPxRf3wP4642UWhjL2sQxc+ym2YMj1m/H2zDNQOlezafzkHwn6sMstjHTwG6iQQsctDW/b1A==",
      "dev": true,
      "license": "MIT",
      "engines": {
        "node": "^12.20.0 || ^14.13.1 || >=16.0.0"
      },
      "funding": {
        "url": "https://github.com/sponsors/sindresorhus"
      }
    },
    "node_modules/graceful-fs": {
      "version": "4.2.11",
      "resolved": "https://registry.npmjs.org/graceful-fs/-/graceful-fs-4.2.11.tgz",
      "integrity": "sha512-RbJ5/jmFcNNCcDV5o9eTnBLJ/HszWV0P73bc+Ff4nS/rJj+YaS6IGyiOL0VoBYX+l1Wrl3k63h/KrH+nhJ0XvQ==",
      "dev": true,
      "license": "ISC"
    },
    "node_modules/ms": {
      "version": "2.1.3",
      "resolved": "https://registry.npmjs.org/ms/-/ms-2.1.3.tgz",
      "integrity": "sha512-6FlzubTLZG3J2a/NVCAleEhjzq5oxgHyaCU9yYXvcLsvoVaHJq/s5xXI6/XXP6tz7R9xAOtHnSO/tXtF3WRTlA==",
      "dev": true,
      "license": "MIT"
    },
    "node_modules/progress": {
      "version": "2.0.3",
      "resolved": "https://registry.npmjs.org/progress/-/progress-2.0.3.tgz",
      "integrity": "sha512-7PiHtLll5LdnKIMw100I+8xJXR5gW2QwWYkT6iJva0bXitZKa/XMrSbdmg3r2Xnaidz9Qumd0VPaMrZlF9V9sA==",
      "dev": true,
      "license": "MIT",
      "engines": {
        "node": ">=0.4.0"
      }
    },
    "node_modules/semver": {
      "version": "7.8.5",
      "resolved": "https://registry.npmjs.org/semver/-/semver-7.8.5.tgz",
      "integrity": "sha512-Y7/KDsb8LjooZpwaqGyulO6DQlksgCncchHGk+sZIY4SBvUocMBEFH5Ur1fI4dV+Jvl0w6cjvucaIi40puRioA==",
      "dev": true,
      "license": "ISC",
      "bin": {
        "semver": "bin/semver.js"
      },
      "engines": {
        "node": ">=10"
      }
    },
    "node_modules/sumchecker": {
      "version": "3.0.1",
      "resolved": "https://registry.npmjs.org/sumchecker/-/sumchecker-3.0.1.tgz",
      "integrity": "sha512-MvjXzkz/BOfyVDkG0oFOtBxHX2u3gKbMHIF/dXblZsgD3BWOFLmHovIpZY7BykJdAjcqRCBi1WYBNdEC9yI7vg==",
      "dev": true,
      "license": "Apache-2.0",
      "dependencies": {
        "debug": "^4.1.0"
      },
      "engines": {
        "node": ">= 8.0"
      }
    },
    "node_modules/undici": {
      "version": "7.28.0",
      "resolved": "https://registry.npmjs.org/undici/-/undici-7.28.0.tgz",
      "integrity": "sha512-cRZYrTDwWznlnRiPjggAGxZXanty6M8RV1ff8Wm4LWXBp7/IG8v5DnOm74DtUBp9OONpK75YlPnIjQqX0dBDtA==",
      "dev": true,
      "license": "MIT",
      "optional": true,
      "engines": {
        "node": ">=20.18.1"
      }
    },
    "node_modules/undici-types": {
      "version": "7.18.2",
      "resolved": "https://registry.npmjs.org/undici-types/-/undici-types-7.18.2.tgz",
      "integrity": "sha512-AsuCzffGHJybSaRrmr5eHr81mwJU3kjw6M+uprWvCXiNeN9SOGwQ3Jn8jb8m3Z6izVgknn1R0FTCEAP2QrLY/w==",
      "dev": true,
      "license": "MIT"
    },
    "node_modules/usb": {
      "version": "3.0.1",
      "resolved": "https://registry.npmjs.org/usb/-/usb-3.0.1.tgz",
      "integrity": "sha512-IQIi5EraqmKssMNcXe7afKhriHFAE5WdfykhvgkOschJyHBkJXtk/PDx/DzVNyfI7qdr+BUbmLziXA+I3z02lw==",
      "license": "MIT",
      "dependencies": {
        "@types/w3c-web-usb": "^1.0.14"
      },
      "engines": {
        "node": ">= 12.22.0 < 13 || >= 14.17.0 < 15 || >= 15.12.0 < 16 || >= 16.0.0"
      },
      "optionalDependencies": {
        "@node-usb/usb-darwin-arm64": "3.0.1",
        "@node-usb/usb-darwin-x64": "3.0.1",
        "@node-usb/usb-linux-arm-gnueabihf": "3.0.1",
        "@node-usb/usb-linux-arm64-gnu": "3.0.1",
        "@node-usb/usb-linux-arm64-musl": "3.0.1",
        "@node-usb/usb-linux-x64-gnu": "3.0.1",
        "@node-usb/usb-linux-x64-musl": "3.0.1",
        "@node-usb/usb-win32-arm64-msvc": "3.0.1",
        "@node-usb/usb-win32-ia32-msvc": "3.0.1",
        "@node-usb/usb-win32-x64-msvc": "3.0.1"
      }
    }
  }
}
